
Microsoft Visual Studio Solution File, Format Version 12.00
# Visual Studio Version 17
VisualStudioVersion = 17.1.32414.318
MinimumVisualStudioVersion = 10.0.40219.1
Project("{FAE04EC0-301F-11D3-BF4B-00C04F79EFBC}") = "TodoApi", "TodoApi\TodoApi.csproj", "{A4A7B7D8-1378-43CF-B703-9AAF03606C4E}"
EndProject
Global
	GlobalSection(SolutionConfigurationPlatforms) = preSolution
		Debug|Any CPU = Debug|Any CPU
		Release|Any CPU = Release|Any CPU
	EndGlobalSection
	GlobalSection(ProjectConfigurationPlatforms) = postSolution
		{A4A7B7D8-1378-43CF-B703-9AAF03606C4E}.Debug|Any CPU.ActiveCfg = Debug|Any CPU
		{A4A7B7D8-1378-43CF-B703-9AAF03606C4E}.Debug|Any CPU.Build.0 = Debug|Any CPU
		{A4A7B7D8-1378-43CF-B703-9AAF03606C4E}.Release|Any CPU.ActiveCfg = Release|Any CPU
		{A4A7B7D8-1378-43CF-B703-9AAF03606C4E}.Release|Any CPU.Build.0 = Release|Any CPU
	EndGlobalSection
	GlobalSection(SolutionProperties) = preSolution
		HideSolutionNode = FALSE
	EndGlobalSection
	GlobalSection(ExtensibilityGlobals) = postSolution
		SolutionGuid = {1C9A93DD-30E2-4B6B-A1B2-D8EA2BBA1644}
	EndGlobalSection
EndGlobal
