
Microsoft Visual Studio Solution File, Format Version 12.00
# Visual Studio Version 17
VisualStudioVersion = 17.1.32414.318
MinimumVisualStudioVersion = 10.0.40219.1
Project("{FAE04EC0-301F-11D3-BF4B-00C04F79EFBC}") = "ThanksCardAPI1", "ThanksCardAPI1\ThanksCardAPI1.csproj", "{91625B3E-EE1C-404F-8BC1-FE0D906A3B98}"
EndProject
Global
	GlobalSection(SolutionConfigurationPlatforms) = preSolution
		Debug|Any CPU = Debug|Any CPU
		Release|Any CPU = Release|Any CPU
	EndGlobalSection
	GlobalSection(ProjectConfigurationPlatforms) = postSolution
		{91625B3E-EE1C-404F-8BC1-FE0D906A3B98}.Debug|Any CPU.ActiveCfg = Debug|Any CPU
		{91625B3E-EE1C-404F-8BC1-FE0D906A3B98}.Debug|Any CPU.Build.0 = Debug|Any CPU
		{91625B3E-EE1C-404F-8BC1-FE0D906A3B98}.Release|Any CPU.ActiveCfg = Release|Any CPU
		{91625B3E-EE1C-404F-8BC1-FE0D906A3B98}.Release|Any CPU.Build.0 = Release|Any CPU
	EndGlobalSection
	GlobalSection(SolutionProperties) = preSolution
		HideSolutionNode = FALSE
	EndGlobalSection
	GlobalSection(ExtensibilityGlobals) = postSolution
		SolutionGuid = {240AE620-75F3-440A-A434-8A411F94C1FF}
	EndGlobalSection
EndGlobal
